
Microsoft Visual Studio Solution File, Format Version 12.00
# Visual Studio 14
VisualStudioVersion = 14.0.24720.0
MinimumVisualStudioVersion = 10.0.40219.1
Project("{FAE04EC0-301F-11D3-BF4B-00C04F79EFBC}") = "DecisionTree", "DecisionTree\DecisionTree.csproj", "{20FBFD8F-682B-43C2-B9BE-505E3559D31A}"
EndProject
Project("{FAE04EC0-301F-11D3-BF4B-00C04F79EFBC}") = "Runner", "Runner\Runner.csproj", "{C7E10332-0402-4927-AED9-470F7DDA7BC4}"
EndProject
Global
	GlobalSection(SolutionConfigurationPlatforms) = preSolution
		Debug|Any CPU = Debug|Any CPU
		Release|Any CPU = Release|Any CPU
	EndGlobalSection
	GlobalSection(ProjectConfigurationPlatforms) = postSolution
		{20FBFD8F-682B-43C2-B9BE-505E3559D31A}.Debug|Any CPU.ActiveCfg = Debug|Any CPU
		{20FBFD8F-682B-43C2-B9BE-505E3559D31A}.Debug|Any CPU.Build.0 = Debug|Any CPU
		{20FBFD8F-682B-43C2-B9BE-505E3559D31A}.Release|Any CPU.ActiveCfg = Release|Any CPU
		{20FBFD8F-682B-43C2-B9BE-505E3559D31A}.Release|Any CPU.Build.0 = Release|Any CPU
		{C7E10332-0402-4927-AED9-470F7DDA7BC4}.Debug|Any CPU.ActiveCfg = Debug|Any CPU
		{C7E10332-0402-4927-AED9-470F7DDA7BC4}.Debug|Any CPU.Build.0 = Debug|Any CPU
		{C7E10332-0402-4927-AED9-470F7DDA7BC4}.Release|Any CPU.ActiveCfg = Release|Any CPU
		{C7E10332-0402-4927-AED9-470F7DDA7BC4}.Release|Any CPU.Build.0 = Release|Any CPU
	EndGlobalSection
	GlobalSection(SolutionProperties) = preSolution
		HideSolutionNode = FALSE
	EndGlobalSection
EndGlobal
